// !$*UTF8*$!
{
	archiveVersion = 1;
	classes = {
	};
	objectVersion = 46;
	objects = {

/* Begin PBXBuildFile section */
		98A582361F423D7400E04D90 /* AppDelegate.swift in Sources */ = {isa = PBXBuildFile; fileRef = 98A582351F423D7400E04D90 /* AppDelegate.swift */; };
		98A582381F423D7400E04D90 /* ViewController.swift in Sources */ = {isa = PBXBuildFile; fileRef = 98A582371F423D7400E04D90 /* ViewController.swift */; };
		98A5823B1F423D7400E04D90 /* Main.storyboard in Resources */ = {isa = PBXBuildFile; fileRef = 98A582391F423D7400E04D90 /* Main.storyboard */; };
		98A5823D1F423D7400E04D90 /* Assets.xcassets in Resources */ = {isa = PBXBuildFile; fileRef = 98A5823C1F423D7400E04D90 /* Assets.xcassets */; };
		98A582401F423D7400E04D90 /* LaunchScreen.storyboard in Resources */ = {isa = PBXBuildFile; fileRef = 98A5823E1F423D7400E04D90 /* LaunchScreen.storyboard */; };
		98A5824B1F423D7500E04D90 /* FirstApplicationTests.swift in Sources */ = {isa = PBXBuildFile; fileRef = 98A5824A1F423D7500E04D90 /* FirstApplicationTests.swift */; };
		98A582561F423D7500E04D90 /* FirstApplicationUITests.swift in Sources */ = {isa = PBXBuildFile; fileRef = 98A582551F423D7500E04D90 /* FirstApplicationUITests.swift */; };
/* End PBXBuildFile section */

/* Begin PBXContainerItemProxy section */
		98A582471F423D7500E04D90 /* PBXContainerItemProxy */ = {
			isa = PBXContainerItemProxy;
			containerPortal = 98A5822A1F423D7400E04D90 /* Project object */;
			proxyType = 1;
			remoteGlobalIDString = 98A582311F423D7400E04D90;
			remoteInfo = FirstApplication;
		};
		98A582521F423D7500E04D90 /* PBXContainerItemProxy */ = {
			isa = PBXContainerItemProxy;
			containerPortal = 98A5822A1F423D7400E04D90 /* Project object */;
			proxyType = 1;
			remoteGlobalIDString = 98A582311F423D7400E04D90;
			remoteInfo = FirstApplication;
		};
/* End PBXContainerItemProxy section */

/* Begin PBXFileReference section */
		98A582321F423D7400E04D90 /* FirstApplication.app */ = {isa = PBXFileReference; explicitFileType = wrapper.application; includeInIndex = 0; path = FirstApplication.app; sourceTree = BUILT_PRODUCTS_DIR; };
		98A582351F423D7400E04D90 /* AppDelegate.swift */ = {isa = PBXFileReference; lastKnownFileType = sourcecode.swift; path = AppDelegate.swift; sourceTree = "<group>"; };
		98A582371F423D7400E04D90 /* ViewController.swift */ = {isa = PBXFileReference; lastKnownFileType = sourcecode.swift; path = ViewController.swift; sourceTree = "<group>"; };
		98A5823A1F423D7400E04D90 /* Base */ = {isa = PBXFileReference; lastKnownFileType = file.storyboard; name = Base; path = Base.lproj/Main.storyboard; sourceTree = "<group>"; };
		98A5823C1F423D7400E04D90 /* Assets.xcassets */ = {isa = PBXFileReference; lastKnownFileType = folder.assetcatalog; path = Assets.xcassets; sourceTree = "<group>"; };
		98A5823F1F423D7400E04D90 /* Base */ = {isa = PBXFileReference; lastKnownFileType = file.storyboard; name = Base; path = Base.lproj/LaunchScreen.storyboard; sourceTree = "<group>"; };
		98A582411F423D7400E04D90 /* Info.plist */ = {isa = PBXFileReference; lastKnownFileType = text.plist.xml; path = Info.plist; sourceTree = "<group>"; };
		98A582461F423D7500E04D90 /* FirstApplicationTests.xctest */ = {isa = PBXFileReference; explicitFileType = wrapper.cfbundle; includeInIndex = 0; path = FirstApplicationTests.xctest; sourceTree = BUILT_PRODUCTS_DIR; };
		98A5824A1F423D7500E04D90 /* FirstApplicationTests.swift */ = {isa = PBXFileReference; lastKnownFileType = sourcecode.swift; path = FirstApplicationTests.swift; sourceTree = "<group>"; };
		98A5824C1F423D7500E04D90 /* Info.plist */ = {isa = PBXFileReference; lastKnownFileType = text.plist.xml; path = Info.plist; sourceTree = "<group>"; };
		98A582511F423D7500E04D90 /* FirstApplicationUITests.xctest */ = {isa = PBXFileReference; explicitFileType = wrapper.cfbundle; includeInIndex = 0; path = FirstApplicationUITests.xctest; sourceTree = BUILT_PRODUCTS_DIR; };
		98A582551F423D7500E04D90 /* FirstApplicationUITests.swift */ = {isa = PBXFileReference; lastKnownFileType = sourcecode.swift; path = FirstApplicationUITests.swift; sourceTree = "<group>"; };
		98A582571F423D7500E04D90 /* Info.plist */ = {isa = PBXFileReference; lastKnownFileType = text.plist.xml; path = Info.plist; sourceTree = "<group>"; };
/* End PBXFileReference section */

/* Begin PBXFrameworksBuildPhase section */
		98A5822F1F423D7400E04D90 /* Frameworks */ = {
			isa = PBXFrameworksBuildPhase;
			buildActionMask = 2147483647;
			files = (
			);
			runOnlyForDeploymentPostprocessing = 0;
		};
		98A582431F423D7500E04D90 /* Frameworks */ = {
			isa = PBXFrameworksBuildPhase;
			buildActionMask = 2147483647;
			files = (
			);
			runOnlyForDeploymentPostprocessing = 0;
		};
		98A5824E1F423D7500E04D90 /* Frameworks */ = {
			isa = PBXFrameworksBuildPhase;
			buildActionMask = 2147483647;
			files = (
			);
			runOnlyForDeploymentPostprocessing = 0;
		};
/* End PBXFrameworksBuildPhase section */

/* Begin PBXGroup section */
		98A582291F423D7400E04D90 = {
			isa = PBXGroup;
			children = (
				98A582341F423D7400E04D90 /* FirstApplication */,
				98A582491F423D7500E04D90 /* FirstApplicationTests */,
				98A582541F423D7500E04D90 /* FirstApplicationUITests */,
				98A582331F423D7400E04D90 /* Products */,
			);
			sourceTree = "<group>";
		};
		98A582331F423D7400E04D90 /* Products */ = {
			isa = PBXGroup;
			children = (
				98A582321F423D7400E04D90 /* FirstApplication.app */,
				98A582461F423D7500E04D90 /* FirstApplicationTests.xctest */,
				98A582511F423D7500E04D90 /* FirstApplicationUITests.xctest */,
			);
			name = Products;
			sourceTree = "<group>";
		};
		98A582341F423D7400E04D90 /* FirstApplication */ = {
			isa = PBXGroup;
			children = (
				98A582351F423D7400E04D90 /* AppDelegate.swift */,
				98A582371F423D7400E04D90 /* ViewController.swift */,
				98A582391F423D7400E04D90 /* Main.storyboard */,
				98A5823C1F423D7400E04D90 /* Assets.xcassets */,
				98A5823E1F423D7400E04D90 /* LaunchScreen.storyboard */,
				98A582411F423D7400E04D90 /* Info.plist */,
			);
			path = FirstApplication;
			sourceTree = "<group>";
		};
		98A582491F423D7500E04D90 /* FirstApplicationTests */ = {
			isa = PBXGroup;
			children = (
				98A5824A1F423D7500E04D90 /* FirstApplicationTests.swift */,
				98A5824C1F423D7500E04D90 /* Info.plist */,
			);
			path = FirstApplicationTests;
			sourceTree = "<group>";
		};
		98A582541F423D7500E04D90 /* FirstApplicationUITests */ = {
			isa = PBXGroup;
			children = (
				98A582551F423D7500E04D90 /* FirstApplicationUITests.swift */,
				98A582571F423D7500E04D90 /* Info.plist */,
			);
			path = FirstApplicationUITests;
			sourceTree = "<group>";
		};
/* End PBXGroup section */

/* Begin PBXNativeTarget section */
		98A582311F423D7400E04D90 /* FirstApplication */ = {
			isa = PBXNativeTarget;
			buildConfigurationList = 98A5825A1F423D7500E04D90 /* Build configuration list for PBXNativeTarget "FirstApplication" */;
			buildPhases = (
				98A5822E1F423D7400E04D90 /* Sources */,
				98A5822F1F423D7400E04D90 /* Frameworks */,
				98A582301F423D7400E04D90 /* Resources */,
			);
			buildRules = (
			);
			dependencies = (
			);
			name = FirstApplication;
			productName = FirstApplication;
			productReference = 98A582321F423D7400E04D90 /* FirstApplication.app */;
			productType = "com.apple.product-type.application";
		};
		98A582451F423D7500E04D90 /* FirstApplicationTests */ = {
			isa = PBXNativeTarget;
			buildConfigurationList = 98A5825D1F423D7500E04D90 /* Build configuration list for PBXNativeTarget "FirstApplicationTests" */;
			buildPhases = (
				98A582421F423D7500E04D90 /* Sources */,
				98A582431F423D7500E04D90 /* Frameworks */,
				98A582441F423D7500E04D90 /* Resources */,
			);
			buildRules = (
			);
			dependencies = (
				98A582481F423D7500E04D90 /* PBXTargetDependency */,
			);
			name = FirstApplicationTests;
			productName = FirstApplicationTests;
			productReference = 98A582461F423D7500E04D90 /* FirstApplicationTests.xctest */;
			productType = "com.apple.product-type.bundle.unit-test";
		};
		98A582501F423D7500E04D90 /* FirstApplicationUITests */ = {
			isa = PBXNativeTarget;
			buildConfigurationList = 98A582601F423D7500E04D90 /* Build configuration list for PBXNativeTarget "FirstApplicationUITests" */;
			buildPhases = (
				98A5824D1F423D7500E04D90 /* Sources */,
				98A5824E1F423D7500E04D90 /* Frameworks */,
				98A5824F1F423D7500E04D90 /* Resources */,
			);
			buildRules = (
			);
			dependencies = (
				98A582531F423D7500E04D90 /* PBXTargetDependency */,
			);
			name = FirstApplicationUITests;
			productName = FirstApplicationUITests;
			productReference = 98A582511F423D7500E04D90 /* FirstApplicationUITests.xctest */;
			productType = "com.apple.product-type.bundle.ui-testing";
		};
/* End PBXNativeTarget section */

/* Begin PBXProject section */
		98A5822A1F423D7400E04D90 /* Project object */ = {
			isa = PBXProject;
			attributes = {
				KnownAssetTags = (
					lblUser,
				);
				LastSwiftUpdateCheck = 0830;
				LastUpgradeCheck = 0830;
				ORGANIZATIONNAME = "Guilherme Souza";
				TargetAttributes = {
					98A582311F423D7400E04D90 = {
						CreatedOnToolsVersion = 8.3.3;
						ProvisioningStyle = Automatic;
					};
					98A582451F423D7500E04D90 = {
						CreatedOnToolsVersion = 8.3.3;
						ProvisioningStyle = Automatic;
						TestTargetID = 98A582311F423D7400E04D90;
					};
					98A582501F423D7500E04D90 = {
						CreatedOnToolsVersion = 8.3.3;
						ProvisioningStyle = Automatic;
						TestTargetID = 98A582311F423D7400E04D90;
					};
				};
			};
			buildConfigurationList = 98A5822D1F423D7400E04D90 /* Build configuration list for PBXProject "FirstApplication" */;
			compatibilityVersion = "Xcode 3.2";
			developmentRegion = English;
			hasScannedForEncodings = 0;
			knownRegions = (
				en,
				Base,
			);
			mainGroup = 98A582291F423D7400E04D90;
			productRefGroup = 98A582331F423D7400E04D90 /* Products */;
			projectDirPath = "";
			projectRoot = "";
			targets = (
				98A582311F423D7400E04D90 /* FirstApplication */,
				98A582451F423D7500E04D90 /* FirstApplicationTests */,
				98A582501F423D7500E04D90 /* FirstApplicationUITests */,
			);
		};
/* End PBXProject section */

/* Begin PBXResourcesBuildPhase section */
		98A582301F423D7400E04D90 /* Resources */ = {
			isa = PBXResourcesBuildPhase;
			buildActionMask = 2147483647;
			files = (
				98A582401F423D7400E04D90 /* LaunchScreen.storyboard in Resources */,
				98A5823D1F423D7400E04D90 /* Assets.xcassets in Resources */,
				98A5823B1F423D7400E04D90 /* Main.storyboard in Resources */,
			);
			runOnlyForDeploymentPostprocessing = 0;
		};
		98A582441F423D7500E04D90 /* Resources */ = {
			isa = PBXResourcesBuildPhase;
			buildActionMask = 2147483647;
			files = (
			);
			runOnlyForDeploymentPostprocessing = 0;
		};
		98A5824F1F423D7500E04D90 /* Resources */ = {
			isa = PBXResourcesBuildPhase;
			buildActionMask = 2147483647;
			files = (
			);
			runOnlyForDeploymentPostprocessing = 0;
		};
/* End PBXResourcesBuildPhase section */

/* Begin PBXSourcesBuildPhase section */
		98A5822E1F423D7400E04D90 /* Sources */ = {
			isa = PBXSourcesBuildPhase;
			buildActionMask = 2147483647;
			files = (
				98A582381F423D7400E04D90 /* ViewController.swift in Sources */,
				98A582361F423D7400E04D90 /* AppDelegate.swift in Sources */,
			);
			runOnlyForDeploymentPostprocessing = 0;
		};
		98A582421F423D7500E04D90 /* Sources */ = {
			isa = PBXSourcesBuildPhase;
			buildActionMask = 2147483647;
			files = (
				98A5824B1F423D7500E04D90 /* FirstApplicationTests.swift in Sources */,
			);
			runOnlyForDeploymentPostprocessing = 0;
		};
		98A5824D1F423D7500E04D90 /* Sources */ = {
			isa = PBXSourcesBuildPhase;
			buildActionMask = 2147483647;
			files = (
				98A582561F423D7500E04D90 /* FirstApplicationUITests.swift in Sources */,
			);
			runOnlyForDeploymentPostprocessing = 0;
		};
/* End PBXSourcesBuildPhase section */

/* Begin PBXTargetDependency section */
		98A582481F423D7500E04D90 /* PBXTargetDependency */ = {
			isa = PBXTargetDependency;
			target = 98A582311F423D7400E04D90 /* FirstApplication */;
			targetProxy = 98A582471F423D7500E04D90 /* PBXContainerItemProxy */;
		};
		98A582531F423D7500E04D90 /* PBXTargetDependency */ = {
			isa = PBXTargetDependency;
			target = 98A582311F423D7400E04D90 /* FirstApplication */;
			targetProxy = 98A582521F423D7500E04D90 /* PBXContainerItemProxy */;
		};
/* End PBXTargetDependency section */

/* Begin PBXVariantGroup section */
		98A582391F423D7400E04D90 /* Main.storyboard */ = {
			isa = PBXVariantGroup;
			children = (
				98A5823A1F423D7400E04D90 /* Base */,
			);
			name = Main.storyboard;
			sourceTree = "<group>";
		};
		98A5823E1F423D7400E04D90 /* LaunchScreen.storyboard */ = {
			isa = PBXVariantGroup;
			children = (
				98A5823F1F423D7400E04D90 /* Base */,
			);
			name = LaunchScreen.storyboard;
			sourceTree = "<group>";
		};
/* End PBXVariantGroup section */

/* Begin XCBuildConfiguration section */
		98A582581F423D7500E04D90 /* Debug */ = {
			isa = XCBuildConfiguration;
			buildSettings = {
				ALWAYS_SEARCH_USER_PATHS = NO;
				CLANG_ANALYZER_NONNULL = YES;
				CLANG_ANALYZER_NUMBER_OBJECT_CONVERSION = YES_AGGRESSIVE;
				CLANG_CXX_LANGUAGE_STANDARD = "gnu++0x";
				CLANG_CXX_LIBRARY = "libc++";
				CLANG_ENABLE_MODULES = YES;
				CLANG_ENABLE_OBJC_ARC = YES;
				CLANG_WARN_BOOL_CONVERSION = YES;
				CLANG_WARN_CONSTANT_CONVERSION = YES;
				CLANG_WARN_DIRECT_OBJC_ISA_USAGE = YES_ERROR;
				CLANG_WARN_DOCUMENTATION_COMMENTS = YES;
				CLANG_WARN_EMPTY_BODY = YES;
				CLANG_WARN_ENUM_CONVERSION = YES;
				CLANG_WARN_INFINITE_RECURSION = YES;
				CLANG_WARN_INT_CONVERSION = YES;
				CLANG_WARN_OBJC_ROOT_CLASS = YES_ERROR;
				CLANG_WARN_SUSPICIOUS_MOVE = YES;
				CLANG_WARN_UNREACHABLE_CODE = YES;
				CLANG_WARN__DUPLICATE_METHOD_MATCH = YES;
				"CODE_SIGN_IDENTITY[sdk=iphoneos*]" = "iPhone Developer";
				COPY_PHASE_STRIP = NO;
				DEBUG_INFORMATION_FORMAT = dwarf;
				ENABLE_STRICT_OBJC_MSGSEND = YES;
				ENABLE_TESTABILITY = YES;
				GCC_C_LANGUAGE_STANDARD = gnu99;
				GCC_DYNAMIC_NO_PIC = NO;
				GCC_NO_COMMON_BLOCKS = YES;
				GCC_OPTIMIZATION_LEVEL = 0;
				GCC_PREPROCESSOR_DEFINITIONS = (
					"DEBUG=1",
					"$(inherited)",
				);
				GCC_WARN_64_TO_32_BIT_CONVERSION = YES;
				GCC_WARN_ABOUT_RETURN_TYPE = YES_ERROR;
				GCC_WARN_UNDECLARED_SELECTOR = YES;
				GCC_WARN_UNINITIALIZED_AUTOS = YES_AGGRESSIVE;
				GCC_WARN_UNUSED_FUNCTION = YES;
				GCC_WARN_UNUSED_VARIABLE = YES;
				IPHONEOS_DEPLOYMENT_TARGET = 10.3;
				MTL_ENABLE_DEBUG_INFO = YES;
				ONLY_ACTIVE_ARCH = YES;
				SDKROOT = iphoneos;
				SWIFT_ACTIVE_COMPILATION_CONDITIONS = DEBUG;
				SWIFT_OPTIMIZATION_LEVEL = "-Onone";
				TARGETED_DEVICE_FAMILY = "1,2";
			};
			name = Debug;
		};
		98A582591F423D7500E04D90 /* Release */ = {
			isa = XCBuildConfiguration;
			buildSettings = {
				ALWAYS_SEARCH_USER_PATHS = NO;
				CLANG_ANALYZER_NONNULL = YES;
				CLANG_ANALYZER_NUMBER_OBJECT_CONVERSION = YES_AGGRESSIVE;
				CLANG_CXX_LANGUAGE_STANDARD = "gnu++0x";
				CLANG_CXX_LIBRARY = "libc++";
				CLANG_ENABLE_MODULES = YES;
				CLANG_ENABLE_OBJC_ARC = YES;
				CLANG_WARN_BOOL_CONVERSION = YES;
				CLANG_WARN_CONSTANT_CONVERSION = YES;
				CLANG_WARN_DIRECT_OBJC_ISA_USAGE = YES_ERROR;
				CLANG_WARN_DOCUMENTATION_COMMENTS = YES;
				CLANG_WARN_EMPTY_BODY = YES;
				CLANG_WARN_ENUM_CONVERSION = YES;
				CLANG_WARN_INFINITE_RECURSION = YES;
				CLANG_WARN_INT_CONVERSION = YES;
				CLANG_WARN_OBJC_ROOT_CLASS = YES_ERROR;
				CLANG_WARN_SUSPICIOUS_MOVE = YES;
				CLANG_WARN_UNREACHABLE_CODE = YES;
				CLANG_WARN__DUPLICATE_METHOD_MATCH = YES;
				"CODE_SIGN_IDENTITY[sdk=iphoneos*]" = "iPhone Developer";
				COPY_PHASE_STRIP = NO;
				DEBUG_INFORMATION_FORMAT = "dwarf-with-dsym";
				ENABLE_NS_ASSERTIONS = NO;
				ENABLE_STRICT_OBJC_MSGSEND = YES;
				GCC_C_LANGUAGE_STANDARD = gnu99;
				GCC_NO_COMMON_BLOCKS = YES;
				GCC_WARN_64_TO_32_BIT_CONVERSION = YES;
				GCC_WARN_ABOUT_RETURN_TYPE = YES_ERROR;
				GCC_WARN_UNDECLARED_SELECTOR = YES;
				GCC_WARN_UNINITIALIZED_AUTOS = YES_AGGRESSIVE;
				GCC_WARN_UNUSED_FUNCTION = YES;
				GCC_WARN_UNUSED_VARIABLE = YES;
				IPHONEOS_DEPLOYMENT_TARGET = 10.3;
				MTL_ENABLE_DEBUG_INFO = NO;
				SDKROOT = iphoneos;
				SWIFT_OPTIMIZATION_LEVEL = "-Owholemodule";
				TARGETED_DEVICE_FAMILY = "1,2";
				VALIDATE_PRODUCT = YES;
			};
			name = Release;
		};
		98A5825B1F423D7500E04D90 /* Debug */ = {
			isa = XCBuildConfiguration;
			buildSettings = {
				ASSETCATALOG_COMPILER_APPICON_NAME = AppIcon;
				INFOPLIST_FILE = FirstApplication/Info.plist;
				LD_RUNPATH_SEARCH_PATHS = "$(inherited) @executable_path/Frameworks";
				PRODUCT_BUNDLE_IDENTIFIER = Guilherme.FirstApplication;
				PRODUCT_NAME = "$(TARGET_NAME)";
				SWIFT_VERSION = 3.0;
			};
			name = Debug;
		};
		98A5825C1F423D7500E04D90 /* Release */ = {
			isa = XCBuildConfiguration;
			buildSettings = {
				ASSETCATALOG_COMPILER_APPICON_NAME = AppIcon;
				INFOPLIST_FILE = FirstApplication/Info.plist;
				LD_RUNPATH_SEARCH_PATHS = "$(inherited) @executable_path/Frameworks";
				PRODUCT_BUNDLE_IDENTIFIER = Guilherme.FirstApplication;
				PRODUCT_NAME = "$(TARGET_NAME)";
				SWIFT_VERSION = 3.0;
			};
			name = Release;
		};
		98A5825E1F423D7500E04D90 /* Debug */ = {
			isa = XCBuildConfiguration;
			buildSettings = {
				ALWAYS_EMBED_SWIFT_STANDARD_LIBRARIES = YES;
				BUNDLE_LOADER = "$(TEST_HOST)";
				INFOPLIST_FILE = FirstApplicationTests/Info.plist;
				LD_RUNPATH_SEARCH_PATHS = "$(inherited) @executable_path/Frameworks @loader_path/Frameworks";
				PRODUCT_BUNDLE_IDENTIFIER = Guilherme.FirstApplicationTests;
				PRODUCT_NAME = "$(TARGET_NAME)";
				SWIFT_VERSION = 3.0;
				TEST_HOST = "$(BUILT_PRODUCTS_DIR)/FirstApplication.app/FirstApplication";
			};
			name = Debug;
		};
		98A5825F1F423D7500E04D90 /* Release */ = {
			isa = XCBuildConfiguration;
			buildSettings = {
				ALWAYS_EMBED_SWIFT_STANDARD_LIBRARIES = YES;
				BUNDLE_LOADER = "$(TEST_HOST)";
				INFOPLIST_FILE = FirstApplicationTests/Info.plist;
				LD_RUNPATH_SEARCH_PATHS = "$(inherited) @executable_path/Frameworks @loader_path/Frameworks";
				PRODUCT_BUNDLE_IDENTIFIER = Guilherme.FirstApplicationTests;
				PRODUCT_NAME = "$(TARGET_NAME)";
				SWIFT_VERSION = 3.0;
				TEST_HOST = "$(BUILT_PRODUCTS_DIR)/FirstApplication.app/FirstApplication";
			};
			name = Release;
		};
		98A582611F423D7500E04D90 /* Debug */ = {
			isa = XCBuildConfiguration;
			buildSettings = {
				ALWAYS_EMBED_SWIFT_STANDARD_LIBRARIES = YES;
				INFOPLIST_FILE = FirstApplicationUITests/Info.plist;
				LD_RUNPATH_SEARCH_PATHS = "$(inherited) @executable_path/Frameworks @loader_path/Frameworks";
				PRODUCT_BUNDLE_IDENTIFIER = Guilherme.FirstApplicationUITests;
				PRODUCT_NAME = "$(TARGET_NAME)";
				SWIFT_VERSION = 3.0;
				TEST_TARGET_NAME = FirstApplication;
			};
			name = Debug;
		};
		98A582621F423D7500E04D90 /* Release */ = {
			isa = XCBuildConfiguration;
			buildSettings = {
				ALWAYS_EMBED_SWIFT_STANDARD_LIBRARIES = YES;
				INFOPLIST_FILE = FirstApplicationUITests/Info.plist;
				LD_RUNPATH_SEARCH_PATHS = "$(inherited) @executable_path/Frameworks @loader_path/Frameworks";
				PRODUCT_BUNDLE_IDENTIFIER = Guilherme.FirstApplicationUITests;
				PRODUCT_NAME = "$(TARGET_NAME)";
				SWIFT_VERSION = 3.0;
				TEST_TARGET_NAME = FirstApplication;
			};
			name = Release;
		};
/* End XCBuildConfiguration section */

/* Begin XCConfigurationList section */
		98A5822D1F423D7400E04D90 /* Build configuration list for PBXProject "FirstApplication" */ = {
			isa = XCConfigurationList;
			buildConfigurations = (
				98A582581F423D7500E04D90 /* Debug */,
				98A582591F423D7500E04D90 /* Release */,
			);
			defaultConfigurationIsVisible = 0;
			defaultConfigurationName = Release;
		};
		98A5825A1F423D7500E04D90 /* Build configuration list for PBXNativeTarget "FirstApplication" */ = {
			isa = XCConfigurationList;
			buildConfigurations = (
				98A5825B1F423D7500E04D90 /* Debug */,
				98A5825C1F423D7500E04D90 /* Release */,
			);
			defaultConfigurationIsVisible = 0;
		};
		98A5825D1F423D7500E04D90 /* Build configuration list for PBXNativeTarget "FirstApplicationTests" */ = {
			isa = XCConfigurationList;
			buildConfigurations = (
				98A5825E1F423D7500E04D90 /* Debug */,
				98A5825F1F423D7500E04D90 /* Release */,
			);
			defaultConfigurationIsVisible = 0;
		};
		98A582601F423D7500E04D90 /* Build configuration list for PBXNativeTarget "FirstApplicationUITests" */ = {
			isa = XCConfigurationList;
			buildConfigurations = (
				98A582611F423D7500E04D90 /* Debug */,
				98A582621F423D7500E04D90 /* Release */,
			);
			defaultConfigurationIsVisible = 0;
		};
/* End XCConfigurationList section */
	};
	rootObject = 98A5822A1F423D7400E04D90 /* Project object */;
}
