// !$*UTF8*$!
{
	archiveVersion = 1;
	classes = {
	};
	objectVersion = 46;
	objects = {

/* Begin PBXBuildFile section */
		98469FF01F58CE9D00833F6D /* AppDelegate.swift in Sources */ = {isa = PBXBuildFile; fileRef = 98469FEF1F58CE9D00833F6D /* AppDelegate.swift */; };
		98469FF21F58CE9D00833F6D /* ViewController.swift in Sources */ = {isa = PBXBuildFile; fileRef = 98469FF11F58CE9D00833F6D /* ViewController.swift */; };
		98469FF51F58CE9D00833F6D /* Main.storyboard in Resources */ = {isa = PBXBuildFile; fileRef = 98469FF31F58CE9D00833F6D /* Main.storyboard */; };
		98469FF71F58CE9D00833F6D /* Assets.xcassets in Resources */ = {isa = PBXBuildFile; fileRef = 98469FF61F58CE9D00833F6D /* Assets.xcassets */; };
		98469FFA1F58CE9D00833F6D /* LaunchScreen.storyboard in Resources */ = {isa = PBXBuildFile; fileRef = 98469FF81F58CE9D00833F6D /* LaunchScreen.storyboard */; };
		9846A0021F58D2AC00833F6D /* NovoArquivo.swift in Sources */ = {isa = PBXBuildFile; fileRef = 9846A0011F58D2AC00833F6D /* NovoArquivo.swift */; };
/* End PBXBuildFile section */

/* Begin PBXFileReference section */
		98469FEC1F58CE9D00833F6D /* coursera.app */ = {isa = PBXFileReference; explicitFileType = wrapper.application; includeInIndex = 0; path = coursera.app; sourceTree = BUILT_PRODUCTS_DIR; };
		98469FEF1F58CE9D00833F6D /* AppDelegate.swift */ = {isa = PBXFileReference; lastKnownFileType = sourcecode.swift; path = AppDelegate.swift; sourceTree = "<group>"; };
		98469FF11F58CE9D00833F6D /* ViewController.swift */ = {isa = PBXFileReference; lastKnownFileType = sourcecode.swift; path = ViewController.swift; sourceTree = "<group>"; };
		98469FF41F58CE9D00833F6D /* Base */ = {isa = PBXFileReference; lastKnownFileType = file.storyboard; name = Base; path = Base.lproj/Main.storyboard; sourceTree = "<group>"; };
		98469FF61F58CE9D00833F6D /* Assets.xcassets */ = {isa = PBXFileReference; lastKnownFileType = folder.assetcatalog; path = Assets.xcassets; sourceTree = "<group>"; };
		98469FF91F58CE9D00833F6D /* Base */ = {isa = PBXFileReference; lastKnownFileType = file.storyboard; name = Base; path = Base.lproj/LaunchScreen.storyboard; sourceTree = "<group>"; };
		98469FFB1F58CE9D00833F6D /* Info.plist */ = {isa = PBXFileReference; lastKnownFileType = text.plist.xml; path = Info.plist; sourceTree = "<group>"; };
		9846A0011F58D2AC00833F6D /* NovoArquivo.swift */ = {isa = PBXFileReference; fileEncoding = 4; lastKnownFileType = sourcecode.swift; path = NovoArquivo.swift; sourceTree = "<group>"; };
/* End PBXFileReference section */

/* Begin PBXFrameworksBuildPhase section */
		98469FE91F58CE9D00833F6D /* Frameworks */ = {
			isa = PBXFrameworksBuildPhase;
			buildActionMask = 2147483647;
			files = (
			);
			runOnlyForDeploymentPostprocessing = 0;
		};
/* End PBXFrameworksBuildPhase section */

/* Begin PBXGroup section */
		98469FE31F58CE9D00833F6D = {
			isa = PBXGroup;
			children = (
				98469FEE1F58CE9D00833F6D /* coursera */,
				98469FED1F58CE9D00833F6D /* Products */,
			);
			sourceTree = "<group>";
		};
		98469FED1F58CE9D00833F6D /* Products */ = {
			isa = PBXGroup;
			children = (
				98469FEC1F58CE9D00833F6D /* coursera.app */,
			);
			name = Products;
			sourceTree = "<group>";
		};
		98469FEE1F58CE9D00833F6D /* coursera */ = {
			isa = PBXGroup;
			children = (
				98469FEF1F58CE9D00833F6D /* AppDelegate.swift */,
				98469FF11F58CE9D00833F6D /* ViewController.swift */,
				98469FF31F58CE9D00833F6D /* Main.storyboard */,
				98469FF61F58CE9D00833F6D /* Assets.xcassets */,
				98469FF81F58CE9D00833F6D /* LaunchScreen.storyboard */,
				98469FFB1F58CE9D00833F6D /* Info.plist */,
				9846A0011F58D2AC00833F6D /* NovoArquivo.swift */,
			);
			path = coursera;
			sourceTree = "<group>";
		};
/* End PBXGroup section */

/* Begin PBXNativeTarget section */
		98469FEB1F58CE9D00833F6D /* coursera */ = {
			isa = PBXNativeTarget;
			buildConfigurationList = 98469FFE1F58CE9D00833F6D /* Build configuration list for PBXNativeTarget "coursera" */;
			buildPhases = (
				98469FE81F58CE9D00833F6D /* Sources */,
				98469FE91F58CE9D00833F6D /* Frameworks */,
				98469FEA1F58CE9D00833F6D /* Resources */,
			);
			buildRules = (
			);
			dependencies = (
			);
			name = coursera;
			productName = coursera;
			productReference = 98469FEC1F58CE9D00833F6D /* coursera.app */;
			productType = "com.apple.product-type.application";
		};
/* End PBXNativeTarget section */

/* Begin PBXProject section */
		98469FE41F58CE9D00833F6D /* Project object */ = {
			isa = PBXProject;
			attributes = {
				LastSwiftUpdateCheck = 0830;
				LastUpgradeCheck = 0830;
				ORGANIZATIONNAME = "Guilherme Souza";
				TargetAttributes = {
					98469FEB1F58CE9D00833F6D = {
						CreatedOnToolsVersion = 8.3.3;
						DevelopmentTeam = P3GW7M4SUE;
						ProvisioningStyle = Automatic;
					};
				};
			};
			buildConfigurationList = 98469FE71F58CE9D00833F6D /* Build configuration list for PBXProject "coursera" */;
			compatibilityVersion = "Xcode 3.2";
			developmentRegion = English;
			hasScannedForEncodings = 0;
			knownRegions = (
				en,
				Base,
			);
			mainGroup = 98469FE31F58CE9D00833F6D;
			productRefGroup = 98469FED1F58CE9D00833F6D /* Products */;
			projectDirPath = "";
			projectRoot = "";
			targets = (
				98469FEB1F58CE9D00833F6D /* coursera */,
			);
		};
/* End PBXProject section */

/* Begin PBXResourcesBuildPhase section */
		98469FEA1F58CE9D00833F6D /* Resources */ = {
			isa = PBXResourcesBuildPhase;
			buildActionMask = 2147483647;
			files = (
				98469FFA1F58CE9D00833F6D /* LaunchScreen.storyboard in Resources */,
				98469FF71F58CE9D00833F6D /* Assets.xcassets in Resources */,
				98469FF51F58CE9D00833F6D /* Main.storyboard in Resources */,
			);
			runOnlyForDeploymentPostprocessing = 0;
		};
/* End PBXResourcesBuildPhase section */

/* Begin PBXSourcesBuildPhase section */
		98469FE81F58CE9D00833F6D /* Sources */ = {
			isa = PBXSourcesBuildPhase;
			buildActionMask = 2147483647;
			files = (
				98469FF21F58CE9D00833F6D /* ViewController.swift in Sources */,
				98469FF01F58CE9D00833F6D /* AppDelegate.swift in Sources */,
				9846A0021F58D2AC00833F6D /* NovoArquivo.swift in Sources */,
			);
			runOnlyForDeploymentPostprocessing = 0;
		};
/* End PBXSourcesBuildPhase section */

/* Begin PBXVariantGroup section */
		98469FF31F58CE9D00833F6D /* Main.storyboard */ = {
			isa = PBXVariantGroup;
			children = (
				98469FF41F58CE9D00833F6D /* Base */,
			);
			name = Main.storyboard;
			sourceTree = "<group>";
		};
		98469FF81F58CE9D00833F6D /* LaunchScreen.storyboard */ = {
			isa = PBXVariantGroup;
			children = (
				98469FF91F58CE9D00833F6D /* Base */,
			);
			name = LaunchScreen.storyboard;
			sourceTree = "<group>";
		};
/* End PBXVariantGroup section */

/* Begin XCBuildConfiguration section */
		98469FFC1F58CE9D00833F6D /* Debug */ = {
			isa = XCBuildConfiguration;
			buildSettings = {
				ALWAYS_SEARCH_USER_PATHS = NO;
				CLANG_ANALYZER_NONNULL = YES;
				CLANG_ANALYZER_NUMBER_OBJECT_CONVERSION = YES_AGGRESSIVE;
				CLANG_CXX_LANGUAGE_STANDARD = "gnu++0x";
				CLANG_CXX_LIBRARY = "libc++";
				CLANG_ENABLE_MODULES = YES;
				CLANG_ENABLE_OBJC_ARC = YES;
				CLANG_WARN_BOOL_CONVERSION = YES;
				CLANG_WARN_CONSTANT_CONVERSION = YES;
				CLANG_WARN_DIRECT_OBJC_ISA_USAGE = YES_ERROR;
				CLANG_WARN_DOCUMENTATION_COMMENTS = YES;
				CLANG_WARN_EMPTY_BODY = YES;
				CLANG_WARN_ENUM_CONVERSION = YES;
				CLANG_WARN_INFINITE_RECURSION = YES;
				CLANG_WARN_INT_CONVERSION = YES;
				CLANG_WARN_OBJC_ROOT_CLASS = YES_ERROR;
				CLANG_WARN_SUSPICIOUS_MOVE = YES;
				CLANG_WARN_UNREACHABLE_CODE = YES;
				CLANG_WARN__DUPLICATE_METHOD_MATCH = YES;
				"CODE_SIGN_IDENTITY[sdk=iphoneos*]" = "iPhone Developer";
				COPY_PHASE_STRIP = NO;
				DEBUG_INFORMATION_FORMAT = dwarf;
				ENABLE_STRICT_OBJC_MSGSEND = YES;
				ENABLE_TESTABILITY = YES;
				GCC_C_LANGUAGE_STANDARD = gnu99;
				GCC_DYNAMIC_NO_PIC = NO;
				GCC_NO_COMMON_BLOCKS = YES;
				GCC_OPTIMIZATION_LEVEL = 0;
				GCC_PREPROCESSOR_DEFINITIONS = (
					"DEBUG=1",
					"$(inherited)",
				);
				GCC_WARN_64_TO_32_BIT_CONVERSION = YES;
				GCC_WARN_ABOUT_RETURN_TYPE = YES_ERROR;
				GCC_WARN_UNDECLARED_SELECTOR = YES;
				GCC_WARN_UNINITIALIZED_AUTOS = YES_AGGRESSIVE;
				GCC_WARN_UNUSED_FUNCTION = YES;
				GCC_WARN_UNUSED_VARIABLE = YES;
				IPHONEOS_DEPLOYMENT_TARGET = 10.3;
				MTL_ENABLE_DEBUG_INFO = YES;
				ONLY_ACTIVE_ARCH = YES;
				SDKROOT = iphoneos;
				SWIFT_ACTIVE_COMPILATION_CONDITIONS = DEBUG;
				SWIFT_OPTIMIZATION_LEVEL = "-Onone";
			};
			name = Debug;
		};
		98469FFD1F58CE9D00833F6D /* Release */ = {
			isa = XCBuildConfiguration;
			buildSettings = {
				ALWAYS_SEARCH_USER_PATHS = NO;
				CLANG_ANALYZER_NONNULL = YES;
				CLANG_ANALYZER_NUMBER_OBJECT_CONVERSION = YES_AGGRESSIVE;
				CLANG_CXX_LANGUAGE_STANDARD = "gnu++0x";
				CLANG_CXX_LIBRARY = "libc++";
				CLANG_ENABLE_MODULES = YES;
				CLANG_ENABLE_OBJC_ARC = YES;
				CLANG_WARN_BOOL_CONVERSION = YES;
				CLANG_WARN_CONSTANT_CONVERSION = YES;
				CLANG_WARN_DIRECT_OBJC_ISA_USAGE = YES_ERROR;
				CLANG_WARN_DOCUMENTATION_COMMENTS = YES;
				CLANG_WARN_EMPTY_BODY = YES;
				CLANG_WARN_ENUM_CONVERSION = YES;
				CLANG_WARN_INFINITE_RECURSION = YES;
				CLANG_WARN_INT_CONVERSION = YES;
				CLANG_WARN_OBJC_ROOT_CLASS = YES_ERROR;
				CLANG_WARN_SUSPICIOUS_MOVE = YES;
				CLANG_WARN_UNREACHABLE_CODE = YES;
				CLANG_WARN__DUPLICATE_METHOD_MATCH = YES;
				"CODE_SIGN_IDENTITY[sdk=iphoneos*]" = "iPhone Developer";
				COPY_PHASE_STRIP = NO;
				DEBUG_INFORMATION_FORMAT = "dwarf-with-dsym";
				ENABLE_NS_ASSERTIONS = NO;
				ENABLE_STRICT_OBJC_MSGSEND = YES;
				GCC_C_LANGUAGE_STANDARD = gnu99;
				GCC_NO_COMMON_BLOCKS = YES;
				GCC_WARN_64_TO_32_BIT_CONVERSION = YES;
				GCC_WARN_ABOUT_RETURN_TYPE = YES_ERROR;
				GCC_WARN_UNDECLARED_SELECTOR = YES;
				GCC_WARN_UNINITIALIZED_AUTOS = YES_AGGRESSIVE;
				GCC_WARN_UNUSED_FUNCTION = YES;
				GCC_WARN_UNUSED_VARIABLE = YES;
				IPHONEOS_DEPLOYMENT_TARGET = 10.3;
				MTL_ENABLE_DEBUG_INFO = NO;
				SDKROOT = iphoneos;
				SWIFT_OPTIMIZATION_LEVEL = "-Owholemodule";
				VALIDATE_PRODUCT = YES;
			};
			name = Release;
		};
		98469FFF1F58CE9D00833F6D /* Debug */ = {
			isa = XCBuildConfiguration;
			buildSettings = {
				ASSETCATALOG_COMPILER_APPICON_NAME = AppIcon;
				DEVELOPMENT_TEAM = P3GW7M4SUE;
				INFOPLIST_FILE = coursera/Info.plist;
				LD_RUNPATH_SEARCH_PATHS = "$(inherited) @executable_path/Frameworks";
				PRODUCT_BUNDLE_IDENTIFIER = Guilherme.coursera;
				PRODUCT_NAME = "$(TARGET_NAME)";
				SWIFT_VERSION = 3.0;
			};
			name = Debug;
		};
		9846A0001F58CE9D00833F6D /* Release */ = {
			isa = XCBuildConfiguration;
			buildSettings = {
				ASSETCATALOG_COMPILER_APPICON_NAME = AppIcon;
				DEVELOPMENT_TEAM = P3GW7M4SUE;
				INFOPLIST_FILE = coursera/Info.plist;
				LD_RUNPATH_SEARCH_PATHS = "$(inherited) @executable_path/Frameworks";
				PRODUCT_BUNDLE_IDENTIFIER = Guilherme.coursera;
				PRODUCT_NAME = "$(TARGET_NAME)";
				SWIFT_VERSION = 3.0;
			};
			name = Release;
		};
/* End XCBuildConfiguration section */

/* Begin XCConfigurationList section */
		98469FE71F58CE9D00833F6D /* Build configuration list for PBXProject "coursera" */ = {
			isa = XCConfigurationList;
			buildConfigurations = (
				98469FFC1F58CE9D00833F6D /* Debug */,
				98469FFD1F58CE9D00833F6D /* Release */,
			);
			defaultConfigurationIsVisible = 0;
			defaultConfigurationName = Release;
		};
		98469FFE1F58CE9D00833F6D /* Build configuration list for PBXNativeTarget "coursera" */ = {
			isa = XCConfigurationList;
			buildConfigurations = (
				98469FFF1F58CE9D00833F6D /* Debug */,
				9846A0001F58CE9D00833F6D /* Release */,
			);
			defaultConfigurationIsVisible = 0;
		};
/* End XCConfigurationList section */
	};
	rootObject = 98469FE41F58CE9D00833F6D /* Project object */;
}
