// !$*UTF8*$!
{
	archiveVersion = 1;
	classes = {
	};
	objectVersion = 46;
	objects = {

/* Begin PBXBuildFile section */
		98C55AF91F4E36C800D0E17E /* AppDelegate.swift in Sources */ = {isa = PBXBuildFile; fileRef = 98C55AF81F4E36C800D0E17E /* AppDelegate.swift */; };
		98C55AFE1F4E36C800D0E17E /* Main.storyboard in Resources */ = {isa = PBXBuildFile; fileRef = 98C55AFC1F4E36C800D0E17E /* Main.storyboard */; };
		98C55B001F4E36C800D0E17E /* Assets.xcassets in Resources */ = {isa = PBXBuildFile; fileRef = 98C55AFF1F4E36C800D0E17E /* Assets.xcassets */; };
		98C55B031F4E36C800D0E17E /* LaunchScreen.storyboard in Resources */ = {isa = PBXBuildFile; fileRef = 98C55B011F4E36C800D0E17E /* LaunchScreen.storyboard */; };
		98C55B0C1F4E3E1B00D0E17E /* PokedexModel.swift in Sources */ = {isa = PBXBuildFile; fileRef = 98C55B0B1F4E3E1B00D0E17E /* PokedexModel.swift */; };
		98C55B0E1F4E3F9200D0E17E /* PokemonModel.swift in Sources */ = {isa = PBXBuildFile; fileRef = 98C55B0D1F4E3F9200D0E17E /* PokemonModel.swift */; };
		98C55B101F4E407D00D0E17E /* ServerError.swift in Sources */ = {isa = PBXBuildFile; fileRef = 98C55B0F1F4E407D00D0E17E /* ServerError.swift */; };
		98C55B131F4E41C200D0E17E /* ParsePokedex.swift in Sources */ = {isa = PBXBuildFile; fileRef = 98C55B121F4E41C200D0E17E /* ParsePokedex.swift */; };
		98C55B151F4E481F00D0E17E /* PokedexResponses.swift in Sources */ = {isa = PBXBuildFile; fileRef = 98C55B141F4E481F00D0E17E /* PokedexResponses.swift */; };
		98C55B171F4E491700D0E17E /* PokemonResponses.swift in Sources */ = {isa = PBXBuildFile; fileRef = 98C55B161F4E491700D0E17E /* PokemonResponses.swift */; };
		98C55B191F4E496700D0E17E /* ImageResponse.swift in Sources */ = {isa = PBXBuildFile; fileRef = 98C55B181F4E496700D0E17E /* ImageResponse.swift */; };
		98C55B1B1F4E4A4900D0E17E /* RequestPokedex.swift in Sources */ = {isa = PBXBuildFile; fileRef = 98C55B1A1F4E4A4900D0E17E /* RequestPokedex.swift */; };
		98C55B1F1F4E763E00D0E17E /* PokemonViewCell.swift in Sources */ = {isa = PBXBuildFile; fileRef = 98C55B1E1F4E763E00D0E17E /* PokemonViewCell.swift */; };
		98C55B211F4E7A8400D0E17E /* LoadViewCell.swift in Sources */ = {isa = PBXBuildFile; fileRef = 98C55B201F4E7A8400D0E17E /* LoadViewCell.swift */; };
		98C55B231F4E7C3700D0E17E /* PokedexViewController.swift in Sources */ = {isa = PBXBuildFile; fileRef = 98C55B221F4E7C3700D0E17E /* PokedexViewController.swift */; };
		E728C0361A6A0AC010C2A80B /* Pods_Pokedex.framework in Frameworks */ = {isa = PBXBuildFile; fileRef = F0A9BCD222655E32EBF93394 /* Pods_Pokedex.framework */; };
/* End PBXBuildFile section */

/* Begin PBXFileReference section */
		33631D6B16894DA2A8C4B06D /* Pods-Pokedex.release.xcconfig */ = {isa = PBXFileReference; includeInIndex = 1; lastKnownFileType = text.xcconfig; name = "Pods-Pokedex.release.xcconfig"; path = "Pods/Target Support Files/Pods-Pokedex/Pods-Pokedex.release.xcconfig"; sourceTree = "<group>"; };
		48B500674C7BC338173D15D1 /* Pods-Pokedex.debug.xcconfig */ = {isa = PBXFileReference; includeInIndex = 1; lastKnownFileType = text.xcconfig; name = "Pods-Pokedex.debug.xcconfig"; path = "Pods/Target Support Files/Pods-Pokedex/Pods-Pokedex.debug.xcconfig"; sourceTree = "<group>"; };
		98C55AF51F4E36C800D0E17E /* Pokedex.app */ = {isa = PBXFileReference; explicitFileType = wrapper.application; includeInIndex = 0; path = Pokedex.app; sourceTree = BUILT_PRODUCTS_DIR; };
		98C55AF81F4E36C800D0E17E /* AppDelegate.swift */ = {isa = PBXFileReference; lastKnownFileType = sourcecode.swift; path = AppDelegate.swift; sourceTree = "<group>"; };
		98C55AFD1F4E36C800D0E17E /* Base */ = {isa = PBXFileReference; lastKnownFileType = file.storyboard; name = Base; path = Base.lproj/Main.storyboard; sourceTree = "<group>"; };
		98C55AFF1F4E36C800D0E17E /* Assets.xcassets */ = {isa = PBXFileReference; lastKnownFileType = folder.assetcatalog; path = Assets.xcassets; sourceTree = "<group>"; };
		98C55B021F4E36C800D0E17E /* Base */ = {isa = PBXFileReference; lastKnownFileType = file.storyboard; name = Base; path = Base.lproj/LaunchScreen.storyboard; sourceTree = "<group>"; };
		98C55B041F4E36C800D0E17E /* Info.plist */ = {isa = PBXFileReference; lastKnownFileType = text.plist.xml; path = Info.plist; sourceTree = "<group>"; };
		98C55B0B1F4E3E1B00D0E17E /* PokedexModel.swift */ = {isa = PBXFileReference; fileEncoding = 4; lastKnownFileType = sourcecode.swift; path = PokedexModel.swift; sourceTree = "<group>"; };
		98C55B0D1F4E3F9200D0E17E /* PokemonModel.swift */ = {isa = PBXFileReference; fileEncoding = 4; lastKnownFileType = sourcecode.swift; path = PokemonModel.swift; sourceTree = "<group>"; };
		98C55B0F1F4E407D00D0E17E /* ServerError.swift */ = {isa = PBXFileReference; fileEncoding = 4; lastKnownFileType = sourcecode.swift; path = ServerError.swift; sourceTree = "<group>"; };
		98C55B121F4E41C200D0E17E /* ParsePokedex.swift */ = {isa = PBXFileReference; fileEncoding = 4; lastKnownFileType = sourcecode.swift; path = ParsePokedex.swift; sourceTree = "<group>"; };
		98C55B141F4E481F00D0E17E /* PokedexResponses.swift */ = {isa = PBXFileReference; fileEncoding = 4; lastKnownFileType = sourcecode.swift; path = PokedexResponses.swift; sourceTree = "<group>"; };
		98C55B161F4E491700D0E17E /* PokemonResponses.swift */ = {isa = PBXFileReference; fileEncoding = 4; lastKnownFileType = sourcecode.swift; path = PokemonResponses.swift; sourceTree = "<group>"; };
		98C55B181F4E496700D0E17E /* ImageResponse.swift */ = {isa = PBXFileReference; fileEncoding = 4; lastKnownFileType = sourcecode.swift; path = ImageResponse.swift; sourceTree = "<group>"; };
		98C55B1A1F4E4A4900D0E17E /* RequestPokedex.swift */ = {isa = PBXFileReference; fileEncoding = 4; lastKnownFileType = sourcecode.swift; path = RequestPokedex.swift; sourceTree = "<group>"; };
		98C55B1E1F4E763E00D0E17E /* PokemonViewCell.swift */ = {isa = PBXFileReference; fileEncoding = 4; lastKnownFileType = sourcecode.swift; path = PokemonViewCell.swift; sourceTree = "<group>"; };
		98C55B201F4E7A8400D0E17E /* LoadViewCell.swift */ = {isa = PBXFileReference; fileEncoding = 4; lastKnownFileType = sourcecode.swift; path = LoadViewCell.swift; sourceTree = "<group>"; };
		98C55B221F4E7C3700D0E17E /* PokedexViewController.swift */ = {isa = PBXFileReference; fileEncoding = 4; lastKnownFileType = sourcecode.swift; path = PokedexViewController.swift; sourceTree = "<group>"; };
		F0A9BCD222655E32EBF93394 /* Pods_Pokedex.framework */ = {isa = PBXFileReference; explicitFileType = wrapper.framework; includeInIndex = 0; path = Pods_Pokedex.framework; sourceTree = BUILT_PRODUCTS_DIR; };
/* End PBXFileReference section */

/* Begin PBXFrameworksBuildPhase section */
		98C55AF21F4E36C800D0E17E /* Frameworks */ = {
			isa = PBXFrameworksBuildPhase;
			buildActionMask = 2147483647;
			files = (
				E728C0361A6A0AC010C2A80B /* Pods_Pokedex.framework in Frameworks */,
			);
			runOnlyForDeploymentPostprocessing = 0;
		};
/* End PBXFrameworksBuildPhase section */

/* Begin PBXGroup section */
		15AD8E48A685182524E88B3D /* Frameworks */ = {
			isa = PBXGroup;
			children = (
				F0A9BCD222655E32EBF93394 /* Pods_Pokedex.framework */,
			);
			name = Frameworks;
			sourceTree = "<group>";
		};
		98C55AEC1F4E36C800D0E17E = {
			isa = PBXGroup;
			children = (
				98C55AF71F4E36C800D0E17E /* Pokedex */,
				98C55AF61F4E36C800D0E17E /* Products */,
				E53F6DBE74AE725863CD276F /* Pods */,
				15AD8E48A685182524E88B3D /* Frameworks */,
			);
			sourceTree = "<group>";
		};
		98C55AF61F4E36C800D0E17E /* Products */ = {
			isa = PBXGroup;
			children = (
				98C55AF51F4E36C800D0E17E /* Pokedex.app */,
			);
			name = Products;
			sourceTree = "<group>";
		};
		98C55AF71F4E36C800D0E17E /* Pokedex */ = {
			isa = PBXGroup;
			children = (
				98C55B111F4E41A200D0E17E /* View Model */,
				98C55B0A1F4E3DD600D0E17E /* Models */,
				98C55AF81F4E36C800D0E17E /* AppDelegate.swift */,
				98C55AFC1F4E36C800D0E17E /* Main.storyboard */,
				98C55AFF1F4E36C800D0E17E /* Assets.xcassets */,
				98C55B011F4E36C800D0E17E /* LaunchScreen.storyboard */,
				98C55B041F4E36C800D0E17E /* Info.plist */,
				98C55B1E1F4E763E00D0E17E /* PokemonViewCell.swift */,
				98C55B201F4E7A8400D0E17E /* LoadViewCell.swift */,
				98C55B221F4E7C3700D0E17E /* PokedexViewController.swift */,
			);
			path = Pokedex;
			sourceTree = "<group>";
		};
		98C55B0A1F4E3DD600D0E17E /* Models */ = {
			isa = PBXGroup;
			children = (
				98C55B0B1F4E3E1B00D0E17E /* PokedexModel.swift */,
				98C55B0D1F4E3F9200D0E17E /* PokemonModel.swift */,
				98C55B0F1F4E407D00D0E17E /* ServerError.swift */,
			);
			name = Models;
			sourceTree = "<group>";
		};
		98C55B111F4E41A200D0E17E /* View Model */ = {
			isa = PBXGroup;
			children = (
				98C55B121F4E41C200D0E17E /* ParsePokedex.swift */,
				98C55B141F4E481F00D0E17E /* PokedexResponses.swift */,
				98C55B161F4E491700D0E17E /* PokemonResponses.swift */,
				98C55B181F4E496700D0E17E /* ImageResponse.swift */,
				98C55B1A1F4E4A4900D0E17E /* RequestPokedex.swift */,
			);
			name = "View Model";
			sourceTree = "<group>";
		};
		E53F6DBE74AE725863CD276F /* Pods */ = {
			isa = PBXGroup;
			children = (
				48B500674C7BC338173D15D1 /* Pods-Pokedex.debug.xcconfig */,
				33631D6B16894DA2A8C4B06D /* Pods-Pokedex.release.xcconfig */,
			);
			name = Pods;
			sourceTree = "<group>";
		};
/* End PBXGroup section */

/* Begin PBXNativeTarget section */
		98C55AF41F4E36C800D0E17E /* Pokedex */ = {
			isa = PBXNativeTarget;
			buildConfigurationList = 98C55B071F4E36C800D0E17E /* Build configuration list for PBXNativeTarget "Pokedex" */;
			buildPhases = (
				36ECEE12AFE7320F4062AAA0 /* [CP] Check Pods Manifest.lock */,
				98C55AF11F4E36C800D0E17E /* Sources */,
				98C55AF21F4E36C800D0E17E /* Frameworks */,
				98C55AF31F4E36C800D0E17E /* Resources */,
				B752D9787F5E270D8176F0FA /* [CP] Embed Pods Frameworks */,
				DE5926DD1228B17359ABBC92 /* [CP] Copy Pods Resources */,
			);
			buildRules = (
			);
			dependencies = (
			);
			name = Pokedex;
			productName = Pokedex;
			productReference = 98C55AF51F4E36C800D0E17E /* Pokedex.app */;
			productType = "com.apple.product-type.application";
		};
/* End PBXNativeTarget section */

/* Begin PBXProject section */
		98C55AED1F4E36C800D0E17E /* Project object */ = {
			isa = PBXProject;
			attributes = {
				LastSwiftUpdateCheck = 0830;
				LastUpgradeCheck = 0830;
				ORGANIZATIONNAME = "Guilherme Souza";
				TargetAttributes = {
					98C55AF41F4E36C800D0E17E = {
						CreatedOnToolsVersion = 8.3.3;
						DevelopmentTeam = P3GW7M4SUE;
						ProvisioningStyle = Automatic;
					};
				};
			};
			buildConfigurationList = 98C55AF01F4E36C800D0E17E /* Build configuration list for PBXProject "Pokedex" */;
			compatibilityVersion = "Xcode 3.2";
			developmentRegion = English;
			hasScannedForEncodings = 0;
			knownRegions = (
				en,
				Base,
			);
			mainGroup = 98C55AEC1F4E36C800D0E17E;
			productRefGroup = 98C55AF61F4E36C800D0E17E /* Products */;
			projectDirPath = "";
			projectRoot = "";
			targets = (
				98C55AF41F4E36C800D0E17E /* Pokedex */,
			);
		};
/* End PBXProject section */

/* Begin PBXResourcesBuildPhase section */
		98C55AF31F4E36C800D0E17E /* Resources */ = {
			isa = PBXResourcesBuildPhase;
			buildActionMask = 2147483647;
			files = (
				98C55B031F4E36C800D0E17E /* LaunchScreen.storyboard in Resources */,
				98C55B001F4E36C800D0E17E /* Assets.xcassets in Resources */,
				98C55AFE1F4E36C800D0E17E /* Main.storyboard in Resources */,
			);
			runOnlyForDeploymentPostprocessing = 0;
		};
/* End PBXResourcesBuildPhase section */

/* Begin PBXShellScriptBuildPhase section */
		36ECEE12AFE7320F4062AAA0 /* [CP] Check Pods Manifest.lock */ = {
			isa = PBXShellScriptBuildPhase;
			buildActionMask = 2147483647;
			files = (
			);
			inputPaths = (
				"${PODS_PODFILE_DIR_PATH}/Podfile.lock",
				"${PODS_ROOT}/Manifest.lock",
			);
			name = "[CP] Check Pods Manifest.lock";
			outputPaths = (
				"$(DERIVED_FILE_DIR)/Pods-Pokedex-checkManifestLockResult.txt",
			);
			runOnlyForDeploymentPostprocessing = 0;
			shellPath = /bin/sh;
			shellScript = "diff \"${PODS_PODFILE_DIR_PATH}/Podfile.lock\" \"${PODS_ROOT}/Manifest.lock\" > /dev/null\nif [ $? != 0 ] ; then\n    # print error to STDERR\n    echo \"error: The sandbox is not in sync with the Podfile.lock. Run 'pod install' or update your CocoaPods installation.\" >&2\n    exit 1\nfi\n# This output is used by Xcode 'outputs' to avoid re-running this script phase.\necho \"SUCCESS\" > \"${SCRIPT_OUTPUT_FILE_0}\"\n";
			showEnvVarsInLog = 0;
		};
		B752D9787F5E270D8176F0FA /* [CP] Embed Pods Frameworks */ = {
			isa = PBXShellScriptBuildPhase;
			buildActionMask = 2147483647;
			files = (
			);
			inputPaths = (
				"${SRCROOT}/Pods/Target Support Files/Pods-Pokedex/Pods-Pokedex-frameworks.sh",
				"${BUILT_PRODUCTS_DIR}/Alamofire/Alamofire.framework",
			);
			name = "[CP] Embed Pods Frameworks";
			outputPaths = (
				"${TARGET_BUILD_DIR}/${FRAMEWORKS_FOLDER_PATH}/Alamofire.framework",
			);
			runOnlyForDeploymentPostprocessing = 0;
			shellPath = /bin/sh;
			shellScript = "\"${SRCROOT}/Pods/Target Support Files/Pods-Pokedex/Pods-Pokedex-frameworks.sh\"\n";
			showEnvVarsInLog = 0;
		};
		DE5926DD1228B17359ABBC92 /* [CP] Copy Pods Resources */ = {
			isa = PBXShellScriptBuildPhase;
			buildActionMask = 2147483647;
			files = (
			);
			inputPaths = (
			);
			name = "[CP] Copy Pods Resources";
			outputPaths = (
			);
			runOnlyForDeploymentPostprocessing = 0;
			shellPath = /bin/sh;
			shellScript = "\"${SRCROOT}/Pods/Target Support Files/Pods-Pokedex/Pods-Pokedex-resources.sh\"\n";
			showEnvVarsInLog = 0;
		};
/* End PBXShellScriptBuildPhase section */

/* Begin PBXSourcesBuildPhase section */
		98C55AF11F4E36C800D0E17E /* Sources */ = {
			isa = PBXSourcesBuildPhase;
			buildActionMask = 2147483647;
			files = (
				98C55B101F4E407D00D0E17E /* ServerError.swift in Sources */,
				98C55B151F4E481F00D0E17E /* PokedexResponses.swift in Sources */,
				98C55B131F4E41C200D0E17E /* ParsePokedex.swift in Sources */,
				98C55B211F4E7A8400D0E17E /* LoadViewCell.swift in Sources */,
				98C55B1B1F4E4A4900D0E17E /* RequestPokedex.swift in Sources */,
				98C55B231F4E7C3700D0E17E /* PokedexViewController.swift in Sources */,
				98C55B171F4E491700D0E17E /* PokemonResponses.swift in Sources */,
				98C55B0C1F4E3E1B00D0E17E /* PokedexModel.swift in Sources */,
				98C55AF91F4E36C800D0E17E /* AppDelegate.swift in Sources */,
				98C55B0E1F4E3F9200D0E17E /* PokemonModel.swift in Sources */,
				98C55B191F4E496700D0E17E /* ImageResponse.swift in Sources */,
				98C55B1F1F4E763E00D0E17E /* PokemonViewCell.swift in Sources */,
			);
			runOnlyForDeploymentPostprocessing = 0;
		};
/* End PBXSourcesBuildPhase section */

/* Begin PBXVariantGroup section */
		98C55AFC1F4E36C800D0E17E /* Main.storyboard */ = {
			isa = PBXVariantGroup;
			children = (
				98C55AFD1F4E36C800D0E17E /* Base */,
			);
			name = Main.storyboard;
			sourceTree = "<group>";
		};
		98C55B011F4E36C800D0E17E /* LaunchScreen.storyboard */ = {
			isa = PBXVariantGroup;
			children = (
				98C55B021F4E36C800D0E17E /* Base */,
			);
			name = LaunchScreen.storyboard;
			sourceTree = "<group>";
		};
/* End PBXVariantGroup section */

/* Begin XCBuildConfiguration section */
		98C55B051F4E36C800D0E17E /* Debug */ = {
			isa = XCBuildConfiguration;
			buildSettings = {
				ALWAYS_SEARCH_USER_PATHS = NO;
				CLANG_ANALYZER_NONNULL = YES;
				CLANG_ANALYZER_NUMBER_OBJECT_CONVERSION = YES_AGGRESSIVE;
				CLANG_CXX_LANGUAGE_STANDARD = "gnu++0x";
				CLANG_CXX_LIBRARY = "libc++";
				CLANG_ENABLE_MODULES = YES;
				CLANG_ENABLE_OBJC_ARC = YES;
				CLANG_WARN_BOOL_CONVERSION = YES;
				CLANG_WARN_CONSTANT_CONVERSION = YES;
				CLANG_WARN_DIRECT_OBJC_ISA_USAGE = YES_ERROR;
				CLANG_WARN_DOCUMENTATION_COMMENTS = YES;
				CLANG_WARN_EMPTY_BODY = YES;
				CLANG_WARN_ENUM_CONVERSION = YES;
				CLANG_WARN_INFINITE_RECURSION = YES;
				CLANG_WARN_INT_CONVERSION = YES;
				CLANG_WARN_OBJC_ROOT_CLASS = YES_ERROR;
				CLANG_WARN_SUSPICIOUS_MOVE = YES;
				CLANG_WARN_UNREACHABLE_CODE = YES;
				CLANG_WARN__DUPLICATE_METHOD_MATCH = YES;
				"CODE_SIGN_IDENTITY[sdk=iphoneos*]" = "iPhone Developer";
				COPY_PHASE_STRIP = NO;
				DEBUG_INFORMATION_FORMAT = dwarf;
				ENABLE_STRICT_OBJC_MSGSEND = YES;
				ENABLE_TESTABILITY = YES;
				GCC_C_LANGUAGE_STANDARD = gnu99;
				GCC_DYNAMIC_NO_PIC = NO;
				GCC_NO_COMMON_BLOCKS = YES;
				GCC_OPTIMIZATION_LEVEL = 0;
				GCC_PREPROCESSOR_DEFINITIONS = (
					"DEBUG=1",
					"$(inherited)",
				);
				GCC_WARN_64_TO_32_BIT_CONVERSION = YES;
				GCC_WARN_ABOUT_RETURN_TYPE = YES_ERROR;
				GCC_WARN_UNDECLARED_SELECTOR = YES;
				GCC_WARN_UNINITIALIZED_AUTOS = YES_AGGRESSIVE;
				GCC_WARN_UNUSED_FUNCTION = YES;
				GCC_WARN_UNUSED_VARIABLE = YES;
				IPHONEOS_DEPLOYMENT_TARGET = 10.3;
				MTL_ENABLE_DEBUG_INFO = YES;
				ONLY_ACTIVE_ARCH = YES;
				SDKROOT = iphoneos;
				SWIFT_ACTIVE_COMPILATION_CONDITIONS = DEBUG;
				SWIFT_OPTIMIZATION_LEVEL = "-Onone";
			};
			name = Debug;
		};
		98C55B061F4E36C800D0E17E /* Release */ = {
			isa = XCBuildConfiguration;
			buildSettings = {
				ALWAYS_SEARCH_USER_PATHS = NO;
				CLANG_ANALYZER_NONNULL = YES;
				CLANG_ANALYZER_NUMBER_OBJECT_CONVERSION = YES_AGGRESSIVE;
				CLANG_CXX_LANGUAGE_STANDARD = "gnu++0x";
				CLANG_CXX_LIBRARY = "libc++";
				CLANG_ENABLE_MODULES = YES;
				CLANG_ENABLE_OBJC_ARC = YES;
				CLANG_WARN_BOOL_CONVERSION = YES;
				CLANG_WARN_CONSTANT_CONVERSION = YES;
				CLANG_WARN_DIRECT_OBJC_ISA_USAGE = YES_ERROR;
				CLANG_WARN_DOCUMENTATION_COMMENTS = YES;
				CLANG_WARN_EMPTY_BODY = YES;
				CLANG_WARN_ENUM_CONVERSION = YES;
				CLANG_WARN_INFINITE_RECURSION = YES;
				CLANG_WARN_INT_CONVERSION = YES;
				CLANG_WARN_OBJC_ROOT_CLASS = YES_ERROR;
				CLANG_WARN_SUSPICIOUS_MOVE = YES;
				CLANG_WARN_UNREACHABLE_CODE = YES;
				CLANG_WARN__DUPLICATE_METHOD_MATCH = YES;
				"CODE_SIGN_IDENTITY[sdk=iphoneos*]" = "iPhone Developer";
				COPY_PHASE_STRIP = NO;
				DEBUG_INFORMATION_FORMAT = "dwarf-with-dsym";
				ENABLE_NS_ASSERTIONS = NO;
				ENABLE_STRICT_OBJC_MSGSEND = YES;
				GCC_C_LANGUAGE_STANDARD = gnu99;
				GCC_NO_COMMON_BLOCKS = YES;
				GCC_WARN_64_TO_32_BIT_CONVERSION = YES;
				GCC_WARN_ABOUT_RETURN_TYPE = YES_ERROR;
				GCC_WARN_UNDECLARED_SELECTOR = YES;
				GCC_WARN_UNINITIALIZED_AUTOS = YES_AGGRESSIVE;
				GCC_WARN_UNUSED_FUNCTION = YES;
				GCC_WARN_UNUSED_VARIABLE = YES;
				IPHONEOS_DEPLOYMENT_TARGET = 10.3;
				MTL_ENABLE_DEBUG_INFO = NO;
				SDKROOT = iphoneos;
				SWIFT_OPTIMIZATION_LEVEL = "-Owholemodule";
				VALIDATE_PRODUCT = YES;
			};
			name = Release;
		};
		98C55B081F4E36C800D0E17E /* Debug */ = {
			isa = XCBuildConfiguration;
			baseConfigurationReference = 48B500674C7BC338173D15D1 /* Pods-Pokedex.debug.xcconfig */;
			buildSettings = {
				ASSETCATALOG_COMPILER_APPICON_NAME = AppIcon;
				DEVELOPMENT_TEAM = P3GW7M4SUE;
				INFOPLIST_FILE = Pokedex/Info.plist;
				LD_RUNPATH_SEARCH_PATHS = "$(inherited) @executable_path/Frameworks";
				PRODUCT_BUNDLE_IDENTIFIER = Guilherme.Pokedex;
				PRODUCT_NAME = "$(TARGET_NAME)";
				SWIFT_VERSION = 3.0;
			};
			name = Debug;
		};
		98C55B091F4E36C800D0E17E /* Release */ = {
			isa = XCBuildConfiguration;
			baseConfigurationReference = 33631D6B16894DA2A8C4B06D /* Pods-Pokedex.release.xcconfig */;
			buildSettings = {
				ASSETCATALOG_COMPILER_APPICON_NAME = AppIcon;
				DEVELOPMENT_TEAM = P3GW7M4SUE;
				INFOPLIST_FILE = Pokedex/Info.plist;
				LD_RUNPATH_SEARCH_PATHS = "$(inherited) @executable_path/Frameworks";
				PRODUCT_BUNDLE_IDENTIFIER = Guilherme.Pokedex;
				PRODUCT_NAME = "$(TARGET_NAME)";
				SWIFT_VERSION = 3.0;
			};
			name = Release;
		};
/* End XCBuildConfiguration section */

/* Begin XCConfigurationList section */
		98C55AF01F4E36C800D0E17E /* Build configuration list for PBXProject "Pokedex" */ = {
			isa = XCConfigurationList;
			buildConfigurations = (
				98C55B051F4E36C800D0E17E /* Debug */,
				98C55B061F4E36C800D0E17E /* Release */,
			);
			defaultConfigurationIsVisible = 0;
			defaultConfigurationName = Release;
		};
		98C55B071F4E36C800D0E17E /* Build configuration list for PBXNativeTarget "Pokedex" */ = {
			isa = XCConfigurationList;
			buildConfigurations = (
				98C55B081F4E36C800D0E17E /* Debug */,
				98C55B091F4E36C800D0E17E /* Release */,
			);
			defaultConfigurationIsVisible = 0;
			defaultConfigurationName = Release;
		};
/* End XCConfigurationList section */
	};
	rootObject = 98C55AED1F4E36C800D0E17E /* Project object */;
}
